
Microsoft Visual Studio Solution File, Format Version 12.00
# Visual Studio Version 16
VisualStudioVersion = 16.0.29306.81
MinimumVisualStudioVersion = 10.0.40219.1
Project("{FAE04EC0-301F-11D3-BF4B-00C04F79EFBC}") = "kusanovicLenardCheckBox", "kusanovicLenardCheckBox\kusanovicLenardCheckBox.csproj", "{8C1FAB80-86AD-4F94-AB78-5779CC5E3958}"
EndProject
Global
	GlobalSection(SolutionConfigurationPlatforms) = preSolution
		Debug|Any CPU = Debug|Any CPU
		Release|Any CPU = Release|Any CPU
	EndGlobalSection
	GlobalSection(ProjectConfigurationPlatforms) = postSolution
		{8C1FAB80-86AD-4F94-AB78-5779CC5E3958}.Debug|Any CPU.ActiveCfg = Debug|Any CPU
		{8C1FAB80-86AD-4F94-AB78-5779CC5E3958}.Debug|Any CPU.Build.0 = Debug|Any CPU
		{8C1FAB80-86AD-4F94-AB78-5779CC5E3958}.Release|Any CPU.ActiveCfg = Release|Any CPU
		{8C1FAB80-86AD-4F94-AB78-5779CC5E3958}.Release|Any CPU.Build.0 = Release|Any CPU
	EndGlobalSection
	GlobalSection(SolutionProperties) = preSolution
		HideSolutionNode = FALSE
	EndGlobalSection
	GlobalSection(ExtensibilityGlobals) = postSolution
		SolutionGuid = {58636674-2135-4A2F-BE01-CABEB1AD851F}
	EndGlobalSection
EndGlobal
